
Microsoft Visual Studio Solution File, Format Version 12.00
# Visual Studio Version 17
VisualStudioVersion = 17.12.35527.113 d17.12
MinimumVisualStudioVersion = 10.0.40219.1
Project("{2150E333-8FDC-42A3-9474-1A3956D46DE8}") = "FrontEnd", "FrontEnd", "{1C2A5931-E11D-4E4D-B2AA-112C54888E78}"
EndProject
Project("{2150E333-8FDC-42A3-9474-1A3956D46DE8}") = "Gateway", "Gateway", "{131C97AA-4826-4DC0-B438-62DB6B89FB91}"
EndProject
Project("{2150E333-8FDC-42A3-9474-1A3956D46DE8}") = "Integration", "Integration", "{490299C9-2577-4989-9369-38E3F0FF69C1}"
EndProject
Project("{2150E333-8FDC-42A3-9474-1A3956D46DE8}") = "Services", "Services", "{A7CF611E-256F-46AC-8C74-B09853B2625A}"
EndProject
Project("{FAE04EC0-301F-11D3-BF4B-00C04F79EFBC}") = "Mango.Services.CouponAPI", "mango.services.coupon\Mango.Services.CouponAPI.csproj", "{3E02CFB8-D97A-484F-BCA5-054FBE34EC93}"
EndProject
Project("{F2A71F9B-5D33-465A-A702-920D77279786}") = "Mango.Web", "Mango.Web\Mango.Web.fsproj", "{507071A3-FE8F-44EB-B3CE-247029453D6F}"
EndProject
Global
	GlobalSection(SolutionConfigurationPlatforms) = preSolution
		Debug|Any CPU = Debug|Any CPU
		Release|Any CPU = Release|Any CPU
	EndGlobalSection
	GlobalSection(ProjectConfigurationPlatforms) = postSolution
		{3E02CFB8-D97A-484F-BCA5-054FBE34EC93}.Debug|Any CPU.ActiveCfg = Debug|Any CPU
		{3E02CFB8-D97A-484F-BCA5-054FBE34EC93}.Debug|Any CPU.Build.0 = Debug|Any CPU
		{3E02CFB8-D97A-484F-BCA5-054FBE34EC93}.Release|Any CPU.ActiveCfg = Release|Any CPU
		{3E02CFB8-D97A-484F-BCA5-054FBE34EC93}.Release|Any CPU.Build.0 = Release|Any CPU
		{507071A3-FE8F-44EB-B3CE-247029453D6F}.Debug|Any CPU.ActiveCfg = Debug|Any CPU
		{507071A3-FE8F-44EB-B3CE-247029453D6F}.Debug|Any CPU.Build.0 = Debug|Any CPU
		{507071A3-FE8F-44EB-B3CE-247029453D6F}.Release|Any CPU.ActiveCfg = Release|Any CPU
		{507071A3-FE8F-44EB-B3CE-247029453D6F}.Release|Any CPU.Build.0 = Release|Any CPU
	EndGlobalSection
	GlobalSection(SolutionProperties) = preSolution
		HideSolutionNode = FALSE
	EndGlobalSection
	GlobalSection(NestedProjects) = preSolution
		{3E02CFB8-D97A-484F-BCA5-054FBE34EC93} = {A7CF611E-256F-46AC-8C74-B09853B2625A}
		{507071A3-FE8F-44EB-B3CE-247029453D6F} = {1C2A5931-E11D-4E4D-B2AA-112C54888E78}
	EndGlobalSection
EndGlobal
